<?xml version="1.0" encoding="utf-8"?>
<Project ToolsVersion="4.0" xmlns="http://schemas.microsoft.com/developer/msbuild/2003">
  <ItemGroup>
    <Filter Include="Source Files">
      <UniqueIdentifier>{4FC737F1-C7A5-4376-A066-2A32D752A2FF}</UniqueIdentifier>
      <Extensions>qml;cpp;c;cc;cxx;def;odl;idl;hpj;bat;asm;asmx</Extensions>
    </Filter>
    <Filter Include="Header Files">
      <UniqueIdentifier>{93995380-89BD-4b04-88EB-625FBE52EBFB}</UniqueIdentifier>
      <Extensions>h;hh;hpp;hxx;hm;inl;inc;xsd</Extensions>
    </Filter>
    <Filter Include="Resource Files">
      <UniqueIdentifier>{67DA6AB6-F800-4c08-8B7A-83BB121AAD01}</UniqueIdentifier>
      <Extensions>qrc;rc;ico;cur;bmp;dlg;rc2;rct;bin;rgs;gif;jpg;jpeg;jpe;resx;tiff;tif;png;wav;mfcribbon-ms</Extensions>
    </Filter>
    <Filter Include="Form Files">
      <UniqueIdentifier>{99349809-55BA-4b9d-BF79-8FDBB0286EB3}</UniqueIdentifier>
      <Extensions>ui</Extensions>
    </Filter>
    <Filter Include="Translation Files">
      <UniqueIdentifier>{639EADAA-A684-42e4-A9AD-28FC9BCB8F7C}</UniqueIdentifier>
      <Extensions>ts</Extensions>
    </Filter>
    <Filter Include="Header Files\media">
      <UniqueIdentifier>{a5ceadb2-ae47-47a7-bdf2-9c50f174a038}</UniqueIdentifier>
    </Filter>
    <Filter Include="Source Files\media">
      <UniqueIdentifier>{e1bc4bcd-3dc3-46f6-aea9-1052b0162f25}</UniqueIdentifier>
    </Filter>
    <Filter Include="Header Files\utils">
      <UniqueIdentifier>{2411576a-1058-4c38-a845-ac62d3fc4b82}</UniqueIdentifier>
    </Filter>
    <Filter Include="Header Files\thread">
      <UniqueIdentifier>{b9252d29-098a-4ed8-b397-dead631f750f}</UniqueIdentifier>
    </Filter>
    <Filter Include="Source Files\thread">
      <UniqueIdentifier>{26639ea1-0f6a-477f-8e8f-20635c99b243}</UniqueIdentifier>
    </Filter>
    <Filter Include="Source Files\utils">
      <UniqueIdentifier>{777eda5a-592f-4ccd-94e4-cb129aed0c2e}</UniqueIdentifier>
    </Filter>
    <Filter Include="Header Files\widget">
      <UniqueIdentifier>{33bfaea4-974d-4f86-940e-962b28b7dce3}</UniqueIdentifier>
    </Filter>
    <Filter Include="Source Files\widget">
      <UniqueIdentifier>{1ba20970-ee60-47f2-9b91-a27a3efdcd38}</UniqueIdentifier>
    </Filter>
  </ItemGroup>
  <ItemGroup>
    <QtRcc Include="VideoPlayer.qrc">
      <Filter>Resource Files</Filter>
    </QtRcc>
    <QtUic Include="VideoPlayer.ui">
      <Filter>Form Files</Filter>
    </QtUic>
    <QtMoc Include="VideoPlayer.h">
      <Filter>Header Files</Filter>
    </QtMoc>
    <ClCompile Include="VideoPlayer.cpp">
      <Filter>Source Files</Filter>
    </ClCompile>
  </ItemGroup>
  <ItemGroup>
    <ClCompile Include="main.cpp">
      <Filter>Source Files</Filter>
    </ClCompile>
    <ClCompile Include="MediaFormat.cpp">
      <Filter>Source Files\media</Filter>
    </ClCompile>
    <ClCompile Include="MediaDecoder.cpp">
      <Filter>Source Files\media</Filter>
    </ClCompile>
    <ClCompile Include="MediaResampler.cpp">
      <Filter>Source Files\media</Filter>
    </ClCompile>
    <ClCompile Include="MediaContext.cpp">
      <Filter>Source Files\media</Filter>
    </ClCompile>
    <ClCompile Include="DemuxThread.cpp">
      <Filter>Source Files\thread</Filter>
    </ClCompile>
    <ClCompile Include="VideoDecoderThread.cpp">
      <Filter>Source Files\thread</Filter>
    </ClCompile>
    <ClCompile Include="AudioDecoderThread.cpp">
      <Filter>Source Files\thread</Filter>
    </ClCompile>
    <ClCompile Include="VideoPlayThread.cpp">
      <Filter>Source Files\thread</Filter>
    </ClCompile>
    <ClCompile Include="AudioPlayThread.cpp">
      <Filter>Source Files\thread</Filter>
    </ClCompile>
    <ClCompile Include="TempoFilter.cpp">
      <Filter>Source Files\utils</Filter>
    </ClCompile>
    <ClCompile Include="AVSyncManager.cpp">
      <Filter>Source Files\utils</Filter>
    </ClCompile>
    <ClCompile Include="Logger.cpp">
      <Filter>Source Files\utils</Filter>
    </ClCompile>
    <ClCompile Include="CustomSlider.cpp">
      <Filter>Source Files\widget</Filter>
    </ClCompile>
    <ClCompile Include="SettingsDialog.cpp">
      <Filter>Source Files\widget</Filter>
    </ClCompile>
    <ClCompile Include="ControlBar.cpp">
      <Filter>Source Files\widget</Filter>
    </ClCompile>
    <ClCompile Include="VideoPlayerWidget.cpp">
      <Filter>Source Files\widget</Filter>
    </ClCompile>
    <ClCompile Include="YUVRenderer.cpp">
      <Filter>Source Files\utils</Filter>
    </ClCompile>
  </ItemGroup>
  <ItemGroup>
    <ClInclude Include="Queue.h">
      <Filter>Header Files\utils</Filter>
    </ClInclude>
    <ClInclude Include="MediaBuffer.h">
      <Filter>Header Files\media</Filter>
    </ClInclude>
    <ClInclude Include="SDK.h">
      <Filter>Header Files\utils</Filter>
    </ClInclude>
    <ClInclude Include="MediaFormat.h">
      <Filter>Header Files\media</Filter>
    </ClInclude>
    <ClInclude Include="MediaDecoder.h">
      <Filter>Header Files\media</Filter>
    </ClInclude>
    <ClInclude Include="MediaResampler.h">
      <Filter>Header Files\media</Filter>
    </ClInclude>
    <ClInclude Include="MediaContext.h">
      <Filter>Header Files\media</Filter>
    </ClInclude>
    <ClInclude Include="TempoFilter.h">
      <Filter>Header Files\utils</Filter>
    </ClInclude>
    <ClInclude Include="AVSyncManager.h">
      <Filter>Header Files\utils</Filter>
    </ClInclude>
    <ClInclude Include="Logger.h">
      <Filter>Header Files\utils</Filter>
    </ClInclude>
  </ItemGroup>
  <ItemGroup>
    <QtMoc Include="DemuxThread.h">
      <Filter>Header Files\thread</Filter>
    </QtMoc>
    <QtMoc Include="VideoDecoderThread.h">
      <Filter>Header Files\thread</Filter>
    </QtMoc>
    <QtMoc Include="AudioDecoderThread.h">
      <Filter>Header Files\thread</Filter>
    </QtMoc>
    <QtMoc Include="AudioPlayThread.h">
      <Filter>Header Files\thread</Filter>
    </QtMoc>
    <QtMoc Include="VideoPlayThread.h">
      <Filter>Header Files\thread</Filter>
    </QtMoc>
    <QtMoc Include="YUVRenderer.h">
      <Filter>Header Files\utils</Filter>
    </QtMoc>
    <QtMoc Include="CustomSlider.h">
      <Filter>Header Files\widget</Filter>
    </QtMoc>
    <QtMoc Include="SettingsDialog.h">
      <Filter>Header Files\widget</Filter>
    </QtMoc>
    <QtMoc Include="ControlBar.h">
      <Filter>Header Files\widget</Filter>
    </QtMoc>
    <QtMoc Include="VideoPlayerWidget.h">
      <Filter>Header Files\widget</Filter>
    </QtMoc>
  </ItemGroup>
</Project>